
Microsoft Visual Studio Solution File, Format Version 12.00
# Visual Studio Version 17
VisualStudioVersion = 17.9.34723.18
MinimumVisualStudioVersion = 10.0.40219.1
Project("{9A19103F-16F7-4668-BE54-9A1E7A4F7556}") = "TestFigure", "TestFigure\TestFigure.csproj", "{8CEC347C-C60B-4D21-B4FF-EB90F4CC9FF3}"
EndProject
Project("{FAE04EC0-301F-11D3-BF4B-00C04F79EFBC}") = "TestFigureTests", "TestFigureTests\TestFigureTests.csproj", "{CA9A43F9-EC78-4877-B0CE-E1F5C07ABFF1}"
EndProject
Global
	GlobalSection(SolutionConfigurationPlatforms) = preSolution
		Debug|Any CPU = Debug|Any CPU
		Release|Any CPU = Release|Any CPU
	EndGlobalSection
	GlobalSection(ProjectConfigurationPlatforms) = postSolution
		{8CEC347C-C60B-4D21-B4FF-EB90F4CC9FF3}.Debug|Any CPU.ActiveCfg = Debug|Any CPU
		{8CEC347C-C60B-4D21-B4FF-EB90F4CC9FF3}.Debug|Any CPU.Build.0 = Debug|Any CPU
		{8CEC347C-C60B-4D21-B4FF-EB90F4CC9FF3}.Release|Any CPU.ActiveCfg = Release|Any CPU
		{8CEC347C-C60B-4D21-B4FF-EB90F4CC9FF3}.Release|Any CPU.Build.0 = Release|Any CPU
		{CA9A43F9-EC78-4877-B0CE-E1F5C07ABFF1}.Debug|Any CPU.ActiveCfg = Debug|Any CPU
		{CA9A43F9-EC78-4877-B0CE-E1F5C07ABFF1}.Debug|Any CPU.Build.0 = Debug|Any CPU
		{CA9A43F9-EC78-4877-B0CE-E1F5C07ABFF1}.Release|Any CPU.ActiveCfg = Release|Any CPU
		{CA9A43F9-EC78-4877-B0CE-E1F5C07ABFF1}.Release|Any CPU.Build.0 = Release|Any CPU
	EndGlobalSection
	GlobalSection(SolutionProperties) = preSolution
		HideSolutionNode = FALSE
	EndGlobalSection
	GlobalSection(ExtensibilityGlobals) = postSolution
		SolutionGuid = {0BC64287-F4E5-4C48-93B8-A8E70382C72C}
	EndGlobalSection
EndGlobal
